
Microsoft Visual Studio Solution File, Format Version 12.00
# Visual Studio Version 17
VisualStudioVersion = 17.11.35222.181
MinimumVisualStudioVersion = 10.0.40219.1
Project("{9A19103F-16F7-4668-BE54-9A1E7A4F7556}") = "StudentPortal.Web", "StudentPortal.Web\StudentPortal.Web.csproj", "{88D51838-3311-4E36-9F86-3A4FA39E2CE8}"
EndProject
Global
	GlobalSection(SolutionConfigurationPlatforms) = preSolution
		Debug|Any CPU = Debug|Any CPU
		Release|Any CPU = Release|Any CPU
	EndGlobalSection
	GlobalSection(ProjectConfigurationPlatforms) = postSolution
		{88D51838-3311-4E36-9F86-3A4FA39E2CE8}.Debug|Any CPU.ActiveCfg = Debug|Any CPU
		{88D51838-3311-4E36-9F86-3A4FA39E2CE8}.Debug|Any CPU.Build.0 = Debug|Any CPU
		{88D51838-3311-4E36-9F86-3A4FA39E2CE8}.Release|Any CPU.ActiveCfg = Release|Any CPU
		{88D51838-3311-4E36-9F86-3A4FA39E2CE8}.Release|Any CPU.Build.0 = Release|Any CPU
	EndGlobalSection
	GlobalSection(SolutionProperties) = preSolution
		HideSolutionNode = FALSE
	EndGlobalSection
	GlobalSection(ExtensibilityGlobals) = postSolution
		SolutionGuid = {B1CC9620-BF56-4C4A-933D-0CBDBB1B3A0D}
	EndGlobalSection
EndGlobal
